
Microsoft Visual Studio Solution File, Format Version 12.00
# Visual Studio Version 16
VisualStudioVersion = 16.0.28714.193
MinimumVisualStudioVersion = 10.0.40219.1
Project("{9A19103F-16F7-4668-BE54-9A1E7A4F7556}") = "StarOJ.Core", "src\StarOJ.Core\StarOJ.Core.csproj", "{EF3A5D2B-836F-4E82-970B-896245A6FD7A}"
EndProject
Project("{9A19103F-16F7-4668-BE54-9A1E7A4F7556}") = "StarOJ.Server.API", "src\StarOJ.Server.API\StarOJ.Server.API.csproj", "{20D6EFE4-A68D-48EC-A214-A70EDE91F465}"
EndProject
Project("{9A19103F-16F7-4668-BE54-9A1E7A4F7556}") = "StarOJ.Server.Host", "src\StarOJ.Server.Host\StarOJ.Server.Host.csproj", "{04D73560-D7A4-4E2D-ACC7-EB2384374FDE}"
EndProject
Project("{9A19103F-16F7-4668-BE54-9A1E7A4F7556}") = "StarOJ.Data.Provider.FileSystem", "src\StarOJ.Data.Provider.FileSystem\StarOJ.Data.Provider.FileSystem.csproj", "{90F45267-5C55-436C-89C8-D8A222B2ECF3}"
EndProject
Project("{FAE04EC0-301F-11D3-BF4B-00C04F79EFBC}") = "StarOJ.Server.Judger.FileSystem", "src\StarOJ.Server.Judger.FileSystem\StarOJ.Server.Judger.FileSystem.csproj", "{1B095628-4372-4B5E-88F8-04DB054A9194}"
EndProject
Global
	GlobalSection(SolutionConfigurationPlatforms) = preSolution
		Debug|Any CPU = Debug|Any CPU
		Release|Any CPU = Release|Any CPU
	EndGlobalSection
	GlobalSection(ProjectConfigurationPlatforms) = postSolution
		{EF3A5D2B-836F-4E82-970B-896245A6FD7A}.Debug|Any CPU.ActiveCfg = Debug|Any CPU
		{EF3A5D2B-836F-4E82-970B-896245A6FD7A}.Debug|Any CPU.Build.0 = Debug|Any CPU
		{EF3A5D2B-836F-4E82-970B-896245A6FD7A}.Release|Any CPU.ActiveCfg = Release|Any CPU
		{EF3A5D2B-836F-4E82-970B-896245A6FD7A}.Release|Any CPU.Build.0 = Release|Any CPU
		{20D6EFE4-A68D-48EC-A214-A70EDE91F465}.Debug|Any CPU.ActiveCfg = Debug|Any CPU
		{20D6EFE4-A68D-48EC-A214-A70EDE91F465}.Debug|Any CPU.Build.0 = Debug|Any CPU
		{20D6EFE4-A68D-48EC-A214-A70EDE91F465}.Release|Any CPU.ActiveCfg = Release|Any CPU
		{20D6EFE4-A68D-48EC-A214-A70EDE91F465}.Release|Any CPU.Build.0 = Release|Any CPU
		{04D73560-D7A4-4E2D-ACC7-EB2384374FDE}.Debug|Any CPU.ActiveCfg = Debug|Any CPU
		{04D73560-D7A4-4E2D-ACC7-EB2384374FDE}.Debug|Any CPU.Build.0 = Debug|Any CPU
		{04D73560-D7A4-4E2D-ACC7-EB2384374FDE}.Release|Any CPU.ActiveCfg = Release|Any CPU
		{04D73560-D7A4-4E2D-ACC7-EB2384374FDE}.Release|Any CPU.Build.0 = Release|Any CPU
		{90F45267-5C55-436C-89C8-D8A222B2ECF3}.Debug|Any CPU.ActiveCfg = Debug|Any CPU
		{90F45267-5C55-436C-89C8-D8A222B2ECF3}.Debug|Any CPU.Build.0 = Debug|Any CPU
		{90F45267-5C55-436C-89C8-D8A222B2ECF3}.Release|Any CPU.ActiveCfg = Release|Any CPU
		{90F45267-5C55-436C-89C8-D8A222B2ECF3}.Release|Any CPU.Build.0 = Release|Any CPU
		{1B095628-4372-4B5E-88F8-04DB054A9194}.Debug|Any CPU.ActiveCfg = Debug|Any CPU
		{1B095628-4372-4B5E-88F8-04DB054A9194}.Debug|Any CPU.Build.0 = Debug|Any CPU
		{1B095628-4372-4B5E-88F8-04DB054A9194}.Release|Any CPU.ActiveCfg = Release|Any CPU
		{1B095628-4372-4B5E-88F8-04DB054A9194}.Release|Any CPU.Build.0 = Release|Any CPU
	EndGlobalSection
	GlobalSection(SolutionProperties) = preSolution
		HideSolutionNode = FALSE
	EndGlobalSection
	GlobalSection(ExtensibilityGlobals) = postSolution
		SolutionGuid = {70D26B5D-9662-4D5A-8DAD-98A9235D59F0}
	EndGlobalSection
EndGlobal
