
Microsoft Visual Studio Solution File, Format Version 12.00
# Visual Studio Version 16
VisualStudioVersion = 16.0.28714.193
MinimumVisualStudioVersion = 10.0.40219.1
Project("{9A19103F-16F7-4668-BE54-9A1E7A4F7556}") = "StarOJ.Core", "src\StarOJ.Core\StarOJ.Core.csproj", "{EF3A5D2B-836F-4E82-970B-896245A6FD7A}"
EndProject
Project("{9A19103F-16F7-4668-BE54-9A1E7A4F7556}") = "StarOJ.Server.API", "src\StarOJ.Server.API\StarOJ.Server.API.csproj", "{20D6EFE4-A68D-48EC-A214-A70EDE91F465}"
EndProject
Project("{9A19103F-16F7-4668-BE54-9A1E7A4F7556}") = "StarOJ.Server.Host", "src\StarOJ.Server.Host\StarOJ.Server.Host.csproj", "{04D73560-D7A4-4E2D-ACC7-EB2384374FDE}"
EndProject
Project("{9A19103F-16F7-4668-BE54-9A1E7A4F7556}") = "StarOJ.Data.Provider.FileSystem", "src\StarOJ.Data.Provider.FileSystem\StarOJ.Data.Provider.FileSystem.csproj", "{90F45267-5C55-436C-89C8-D8A222B2ECF3}"
EndProject
Project("{9A19103F-16F7-4668-BE54-9A1E7A4F7556}") = "StarOJ.Data.Provider.SqlServer", "src\StarOJ.Data.Provider.SqlServer\StarOJ.Data.Provider.SqlServer.csproj", "{4D5408D7-D133-4F00-8EA3-A92D9FE6CFF8}"
EndProject
Project("{9A19103F-16F7-4668-BE54-9A1E7A4F7556}") = "StarOJ.Server.Judger", "src\StarOJ.Server.Judger\StarOJ.Server.Judger.csproj", "{AE215516-C2AD-48B1-BE01-5028D25D0C3C}"
EndProject
Project("{9A19103F-16F7-4668-BE54-9A1E7A4F7556}") = "StarOJ.Server.API.Models", "src\StarOJ.Server.API.Models\StarOJ.Server.API.Models.csproj", "{72D27CDF-E5F8-480D-ABCA-5BB4C1066FF3}"
EndProject
Project("{2150E333-8FDC-42A3-9474-1A3956D46DE8}") = "Data", "Data", "{75344A7D-4A29-4DDC-BE8B-9430446A55BB}"
EndProject
Project("{FAE04EC0-301F-11D3-BF4B-00C04F79EFBC}") = "StarOJ.Core.Models", "src\StarOJ.Core.Models\StarOJ.Core.Models.csproj", "{9F59408E-4BF1-4CA3-B9ED-F4831A9B9FA8}"
EndProject
Project("{FAE04EC0-301F-11D3-BF4B-00C04F79EFBC}") = "StarOJ.Data.Provider", "src\StarOJ.Data.Provider\StarOJ.Data.Provider.csproj", "{FAC4038F-8994-4DCC-A90F-8C52855193D2}"
EndProject
Project("{FAE04EC0-301F-11D3-BF4B-00C04F79EFBC}") = "StarOJ.Core.Judgers", "src\StarOJ.Core.Judgers\StarOJ.Core.Judgers.csproj", "{1A25EC9F-B301-4400-AFAC-DE60171B4267}"
EndProject
Project("{2150E333-8FDC-42A3-9474-1A3956D46DE8}") = "Core", "Core", "{3968CB21-F915-4C03-A285-780E828FA141}"
EndProject
Project("{FAE04EC0-301F-11D3-BF4B-00C04F79EFBC}") = "StarOJ.Server.API.Clients", "src\StarOJ.Server.API.Clients\StarOJ.Server.API.Clients.csproj", "{EC3DD1EE-FB7D-4933-96EF-6A4B103356C8}"
EndProject
Project("{2150E333-8FDC-42A3-9474-1A3956D46DE8}") = "Server.API", "Server.API", "{4EAF2977-08EA-4F52-A31F-4296FC51EC72}"
EndProject
Global
	GlobalSection(SolutionConfigurationPlatforms) = preSolution
		Debug|Any CPU = Debug|Any CPU
		Release|Any CPU = Release|Any CPU
	EndGlobalSection
	GlobalSection(ProjectConfigurationPlatforms) = postSolution
		{EF3A5D2B-836F-4E82-970B-896245A6FD7A}.Debug|Any CPU.ActiveCfg = Debug|Any CPU
		{EF3A5D2B-836F-4E82-970B-896245A6FD7A}.Debug|Any CPU.Build.0 = Debug|Any CPU
		{EF3A5D2B-836F-4E82-970B-896245A6FD7A}.Release|Any CPU.ActiveCfg = Release|Any CPU
		{EF3A5D2B-836F-4E82-970B-896245A6FD7A}.Release|Any CPU.Build.0 = Release|Any CPU
		{20D6EFE4-A68D-48EC-A214-A70EDE91F465}.Debug|Any CPU.ActiveCfg = Debug|Any CPU
		{20D6EFE4-A68D-48EC-A214-A70EDE91F465}.Debug|Any CPU.Build.0 = Debug|Any CPU
		{20D6EFE4-A68D-48EC-A214-A70EDE91F465}.Release|Any CPU.ActiveCfg = Release|Any CPU
		{20D6EFE4-A68D-48EC-A214-A70EDE91F465}.Release|Any CPU.Build.0 = Release|Any CPU
		{04D73560-D7A4-4E2D-ACC7-EB2384374FDE}.Debug|Any CPU.ActiveCfg = Debug|Any CPU
		{04D73560-D7A4-4E2D-ACC7-EB2384374FDE}.Debug|Any CPU.Build.0 = Debug|Any CPU
		{04D73560-D7A4-4E2D-ACC7-EB2384374FDE}.Release|Any CPU.ActiveCfg = Release|Any CPU
		{04D73560-D7A4-4E2D-ACC7-EB2384374FDE}.Release|Any CPU.Build.0 = Release|Any CPU
		{90F45267-5C55-436C-89C8-D8A222B2ECF3}.Debug|Any CPU.ActiveCfg = Debug|Any CPU
		{90F45267-5C55-436C-89C8-D8A222B2ECF3}.Debug|Any CPU.Build.0 = Debug|Any CPU
		{90F45267-5C55-436C-89C8-D8A222B2ECF3}.Release|Any CPU.ActiveCfg = Release|Any CPU
		{90F45267-5C55-436C-89C8-D8A222B2ECF3}.Release|Any CPU.Build.0 = Release|Any CPU
		{4D5408D7-D133-4F00-8EA3-A92D9FE6CFF8}.Debug|Any CPU.ActiveCfg = Debug|Any CPU
		{4D5408D7-D133-4F00-8EA3-A92D9FE6CFF8}.Debug|Any CPU.Build.0 = Debug|Any CPU
		{4D5408D7-D133-4F00-8EA3-A92D9FE6CFF8}.Release|Any CPU.ActiveCfg = Release|Any CPU
		{4D5408D7-D133-4F00-8EA3-A92D9FE6CFF8}.Release|Any CPU.Build.0 = Release|Any CPU
		{AE215516-C2AD-48B1-BE01-5028D25D0C3C}.Debug|Any CPU.ActiveCfg = Debug|Any CPU
		{AE215516-C2AD-48B1-BE01-5028D25D0C3C}.Debug|Any CPU.Build.0 = Debug|Any CPU
		{AE215516-C2AD-48B1-BE01-5028D25D0C3C}.Release|Any CPU.ActiveCfg = Release|Any CPU
		{AE215516-C2AD-48B1-BE01-5028D25D0C3C}.Release|Any CPU.Build.0 = Release|Any CPU
		{72D27CDF-E5F8-480D-ABCA-5BB4C1066FF3}.Debug|Any CPU.ActiveCfg = Debug|Any CPU
		{72D27CDF-E5F8-480D-ABCA-5BB4C1066FF3}.Debug|Any CPU.Build.0 = Debug|Any CPU
		{72D27CDF-E5F8-480D-ABCA-5BB4C1066FF3}.Release|Any CPU.ActiveCfg = Release|Any CPU
		{72D27CDF-E5F8-480D-ABCA-5BB4C1066FF3}.Release|Any CPU.Build.0 = Release|Any CPU
		{9F59408E-4BF1-4CA3-B9ED-F4831A9B9FA8}.Debug|Any CPU.ActiveCfg = Debug|Any CPU
		{9F59408E-4BF1-4CA3-B9ED-F4831A9B9FA8}.Debug|Any CPU.Build.0 = Debug|Any CPU
		{9F59408E-4BF1-4CA3-B9ED-F4831A9B9FA8}.Release|Any CPU.ActiveCfg = Release|Any CPU
		{9F59408E-4BF1-4CA3-B9ED-F4831A9B9FA8}.Release|Any CPU.Build.0 = Release|Any CPU
		{FAC4038F-8994-4DCC-A90F-8C52855193D2}.Debug|Any CPU.ActiveCfg = Debug|Any CPU
		{FAC4038F-8994-4DCC-A90F-8C52855193D2}.Debug|Any CPU.Build.0 = Debug|Any CPU
		{FAC4038F-8994-4DCC-A90F-8C52855193D2}.Release|Any CPU.ActiveCfg = Release|Any CPU
		{FAC4038F-8994-4DCC-A90F-8C52855193D2}.Release|Any CPU.Build.0 = Release|Any CPU
		{1A25EC9F-B301-4400-AFAC-DE60171B4267}.Debug|Any CPU.ActiveCfg = Debug|Any CPU
		{1A25EC9F-B301-4400-AFAC-DE60171B4267}.Debug|Any CPU.Build.0 = Debug|Any CPU
		{1A25EC9F-B301-4400-AFAC-DE60171B4267}.Release|Any CPU.ActiveCfg = Release|Any CPU
		{1A25EC9F-B301-4400-AFAC-DE60171B4267}.Release|Any CPU.Build.0 = Release|Any CPU
		{EC3DD1EE-FB7D-4933-96EF-6A4B103356C8}.Debug|Any CPU.ActiveCfg = Debug|Any CPU
		{EC3DD1EE-FB7D-4933-96EF-6A4B103356C8}.Debug|Any CPU.Build.0 = Debug|Any CPU
		{EC3DD1EE-FB7D-4933-96EF-6A4B103356C8}.Release|Any CPU.ActiveCfg = Release|Any CPU
		{EC3DD1EE-FB7D-4933-96EF-6A4B103356C8}.Release|Any CPU.Build.0 = Release|Any CPU
	EndGlobalSection
	GlobalSection(SolutionProperties) = preSolution
		HideSolutionNode = FALSE
	EndGlobalSection
	GlobalSection(NestedProjects) = preSolution
		{EF3A5D2B-836F-4E82-970B-896245A6FD7A} = {3968CB21-F915-4C03-A285-780E828FA141}
		{20D6EFE4-A68D-48EC-A214-A70EDE91F465} = {4EAF2977-08EA-4F52-A31F-4296FC51EC72}
		{90F45267-5C55-436C-89C8-D8A222B2ECF3} = {75344A7D-4A29-4DDC-BE8B-9430446A55BB}
		{4D5408D7-D133-4F00-8EA3-A92D9FE6CFF8} = {75344A7D-4A29-4DDC-BE8B-9430446A55BB}
		{72D27CDF-E5F8-480D-ABCA-5BB4C1066FF3} = {4EAF2977-08EA-4F52-A31F-4296FC51EC72}
		{9F59408E-4BF1-4CA3-B9ED-F4831A9B9FA8} = {3968CB21-F915-4C03-A285-780E828FA141}
		{FAC4038F-8994-4DCC-A90F-8C52855193D2} = {75344A7D-4A29-4DDC-BE8B-9430446A55BB}
		{1A25EC9F-B301-4400-AFAC-DE60171B4267} = {3968CB21-F915-4C03-A285-780E828FA141}
		{EC3DD1EE-FB7D-4933-96EF-6A4B103356C8} = {4EAF2977-08EA-4F52-A31F-4296FC51EC72}
	EndGlobalSection
	GlobalSection(ExtensibilityGlobals) = postSolution
		SolutionGuid = {70D26B5D-9662-4D5A-8DAD-98A9235D59F0}
	EndGlobalSection
EndGlobal
